// !$*UTF8*$!
{
	archiveVersion = 1;
	classes = {
	};
	objectVersion = 50;
	objects = {

/* Begin PBXBuildFile section */
		A1EEE2F5260627A80013837D /* AppDelegate.swift in Sources */ = {isa = PBXBuildFile; fileRef = A1EEE2F4260627A80013837D /* AppDelegate.swift */; };
		A1EEE2F7260627A80013837D /* SceneDelegate.swift in Sources */ = {isa = PBXBuildFile; fileRef = A1EEE2F6260627A80013837D /* SceneDelegate.swift */; };
		A1EEE2F9260627A80013837D /* ViewController.swift in Sources */ = {isa = PBXBuildFile; fileRef = A1EEE2F8260627A80013837D /* ViewController.swift */; };
		A1EEE2FC260627A80013837D /* Main.storyboard in Resources */ = {isa = PBXBuildFile; fileRef = A1EEE2FA260627A80013837D /* Main.storyboard */; };
		A1EEE2FE260627A80013837D /* Assets.xcassets in Resources */ = {isa = PBXBuildFile; fileRef = A1EEE2FD260627A80013837D /* Assets.xcassets */; };
		A1EEE301260627A80013837D /* LaunchScreen.storyboard in Resources */ = {isa = PBXBuildFile; fileRef = A1EEE2FF260627A80013837D /* LaunchScreen.storyboard */; };
		A1EEE30C260627A80013837D /* TP2_Groupe_3Tests.swift in Sources */ = {isa = PBXBuildFile; fileRef = A1EEE30B260627A80013837D /* TP2_Groupe_3Tests.swift */; };
		A1EEE317260627A80013837D /* TP2_Groupe_3UITests.swift in Sources */ = {isa = PBXBuildFile; fileRef = A1EEE316260627A80013837D /* TP2_Groupe_3UITests.swift */; };
		A1EEE32B26062BF60013837D /* CountriesTableViewController.swift in Sources */ = {isa = PBXBuildFile; fileRef = A1EEE32A26062BF60013837D /* CountriesTableViewController.swift */; };
		A1EEE33126062FE00013837D /* Country.swift in Sources */ = {isa = PBXBuildFile; fileRef = A1EEE33026062FE00013837D /* Country.swift */; };
		A1EEE3372606300F0013837D /* Countries.swift in Sources */ = {isa = PBXBuildFile; fileRef = A1EEE3362606300F0013837D /* Countries.swift */; };
/* End PBXBuildFile section */

/* Begin PBXContainerItemProxy section */
		A1EEE308260627A80013837D /* PBXContainerItemProxy */ = {
			isa = PBXContainerItemProxy;
			containerPortal = A1EEE2E9260627A70013837D /* Project object */;
			proxyType = 1;
			remoteGlobalIDString = A1EEE2F0260627A80013837D;
			remoteInfo = TP2_Groupe_3;
		};
		A1EEE313260627A80013837D /* PBXContainerItemProxy */ = {
			isa = PBXContainerItemProxy;
			containerPortal = A1EEE2E9260627A70013837D /* Project object */;
			proxyType = 1;
			remoteGlobalIDString = A1EEE2F0260627A80013837D;
			remoteInfo = TP2_Groupe_3;
		};
/* End PBXContainerItemProxy section */

/* Begin PBXFileReference section */
		A1EEE2F1260627A80013837D /* TP2_Groupe_3.app */ = {isa = PBXFileReference; explicitFileType = wrapper.application; includeInIndex = 0; path = TP2_Groupe_3.app; sourceTree = BUILT_PRODUCTS_DIR; };
		A1EEE2F4260627A80013837D /* AppDelegate.swift */ = {isa = PBXFileReference; lastKnownFileType = sourcecode.swift; path = AppDelegate.swift; sourceTree = "<group>"; };
		A1EEE2F6260627A80013837D /* SceneDelegate.swift */ = {isa = PBXFileReference; lastKnownFileType = sourcecode.swift; path = SceneDelegate.swift; sourceTree = "<group>"; };
		A1EEE2F8260627A80013837D /* ViewController.swift */ = {isa = PBXFileReference; lastKnownFileType = sourcecode.swift; path = ViewController.swift; sourceTree = "<group>"; };
		A1EEE2FB260627A80013837D /* Base */ = {isa = PBXFileReference; lastKnownFileType = file.storyboard; name = Base; path = Base.lproj/Main.storyboard; sourceTree = "<group>"; };
		A1EEE2FD260627A80013837D /* Assets.xcassets */ = {isa = PBXFileReference; lastKnownFileType = folder.assetcatalog; path = Assets.xcassets; sourceTree = "<group>"; };
		A1EEE300260627A80013837D /* Base */ = {isa = PBXFileReference; lastKnownFileType = file.storyboard; name = Base; path = Base.lproj/LaunchScreen.storyboard; sourceTree = "<group>"; };
		A1EEE302260627A80013837D /* Info.plist */ = {isa = PBXFileReference; lastKnownFileType = text.plist.xml; path = Info.plist; sourceTree = "<group>"; };
		A1EEE307260627A80013837D /* TP2_Groupe_3Tests.xctest */ = {isa = PBXFileReference; explicitFileType = wrapper.cfbundle; includeInIndex = 0; path = TP2_Groupe_3Tests.xctest; sourceTree = BUILT_PRODUCTS_DIR; };
		A1EEE30B260627A80013837D /* TP2_Groupe_3Tests.swift */ = {isa = PBXFileReference; lastKnownFileType = sourcecode.swift; path = TP2_Groupe_3Tests.swift; sourceTree = "<group>"; };
		A1EEE30D260627A80013837D /* Info.plist */ = {isa = PBXFileReference; lastKnownFileType = text.plist.xml; path = Info.plist; sourceTree = "<group>"; };
		A1EEE312260627A80013837D /* TP2_Groupe_3UITests.xctest */ = {isa = PBXFileReference; explicitFileType = wrapper.cfbundle; includeInIndex = 0; path = TP2_Groupe_3UITests.xctest; sourceTree = BUILT_PRODUCTS_DIR; };
		A1EEE316260627A80013837D /* TP2_Groupe_3UITests.swift */ = {isa = PBXFileReference; lastKnownFileType = sourcecode.swift; path = TP2_Groupe_3UITests.swift; sourceTree = "<group>"; };
		A1EEE318260627A80013837D /* Info.plist */ = {isa = PBXFileReference; lastKnownFileType = text.plist.xml; path = Info.plist; sourceTree = "<group>"; };
		A1EEE32A26062BF60013837D /* CountriesTableViewController.swift */ = {isa = PBXFileReference; lastKnownFileType = sourcecode.swift; path = CountriesTableViewController.swift; sourceTree = "<group>"; };
		A1EEE33026062FE00013837D /* Country.swift */ = {isa = PBXFileReference; lastKnownFileType = sourcecode.swift; path = Country.swift; sourceTree = "<group>"; };
		A1EEE3362606300F0013837D /* Countries.swift */ = {isa = PBXFileReference; lastKnownFileType = sourcecode.swift; path = Countries.swift; sourceTree = "<group>"; };
/* End PBXFileReference section */

/* Begin PBXFrameworksBuildPhase section */
		A1EEE2EE260627A80013837D /* Frameworks */ = {
			isa = PBXFrameworksBuildPhase;
			buildActionMask = 2147483647;
			files = (
			);
			runOnlyForDeploymentPostprocessing = 0;
		};
		A1EEE304260627A80013837D /* Frameworks */ = {
			isa = PBXFrameworksBuildPhase;
			buildActionMask = 2147483647;
			files = (
			);
			runOnlyForDeploymentPostprocessing = 0;
		};
		A1EEE30F260627A80013837D /* Frameworks */ = {
			isa = PBXFrameworksBuildPhase;
			buildActionMask = 2147483647;
			files = (
			);
			runOnlyForDeploymentPostprocessing = 0;
		};
/* End PBXFrameworksBuildPhase section */

/* Begin PBXGroup section */
		A1EEE2E8260627A70013837D = {
			isa = PBXGroup;
			children = (
				A1EEE2F3260627A80013837D /* TP2_Groupe_3 */,
				A1EEE30A260627A80013837D /* TP2_Groupe_3Tests */,
				A1EEE315260627A80013837D /* TP2_Groupe_3UITests */,
				A1EEE2F2260627A80013837D /* Products */,
			);
			sourceTree = "<group>";
		};
		A1EEE2F2260627A80013837D /* Products */ = {
			isa = PBXGroup;
			children = (
				A1EEE2F1260627A80013837D /* TP2_Groupe_3.app */,
				A1EEE307260627A80013837D /* TP2_Groupe_3Tests.xctest */,
				A1EEE312260627A80013837D /* TP2_Groupe_3UITests.xctest */,
			);
			name = Products;
			sourceTree = "<group>";
		};
		A1EEE2F3260627A80013837D /* TP2_Groupe_3 */ = {
			isa = PBXGroup;
			children = (
				A1EEE33526062FF90013837D /* data */,
				A1EEE32F26062FC00013837D /* models */,
				A1EEE2F4260627A80013837D /* AppDelegate.swift */,
				A1EEE2F6260627A80013837D /* SceneDelegate.swift */,
				A1EEE2F8260627A80013837D /* ViewController.swift */,
				A1EEE2FA260627A80013837D /* Main.storyboard */,
				A1EEE32A26062BF60013837D /* CountriesTableViewController.swift */,
				A1EEE2FD260627A80013837D /* Assets.xcassets */,
				A1EEE2FF260627A80013837D /* LaunchScreen.storyboard */,
				A1EEE302260627A80013837D /* Info.plist */,
			);
			path = TP2_Groupe_3;
			sourceTree = "<group>";
		};
		A1EEE30A260627A80013837D /* TP2_Groupe_3Tests */ = {
			isa = PBXGroup;
			children = (
				A1EEE30B260627A80013837D /* TP2_Groupe_3Tests.swift */,
				A1EEE30D260627A80013837D /* Info.plist */,
			);
			path = TP2_Groupe_3Tests;
			sourceTree = "<group>";
		};
		A1EEE315260627A80013837D /* TP2_Groupe_3UITests */ = {
			isa = PBXGroup;
			children = (
				A1EEE316260627A80013837D /* TP2_Groupe_3UITests.swift */,
				A1EEE318260627A80013837D /* Info.plist */,
			);
			path = TP2_Groupe_3UITests;
			sourceTree = "<group>";
		};
		A1EEE32F26062FC00013837D /* models */ = {
			isa = PBXGroup;
			children = (
				A1EEE33026062FE00013837D /* Country.swift */,
			);
			path = models;
			sourceTree = "<group>";
		};
		A1EEE33526062FF90013837D /* data */ = {
			isa = PBXGroup;
			children = (
				A1EEE3362606300F0013837D /* Countries.swift */,
			);
			path = data;
			sourceTree = "<group>";
		};
/* End PBXGroup section */

/* Begin PBXNativeTarget section */
		A1EEE2F0260627A80013837D /* TP2_Groupe_3 */ = {
			isa = PBXNativeTarget;
			buildConfigurationList = A1EEE31B260627A80013837D /* Build configuration list for PBXNativeTarget "TP2_Groupe_3" */;
			buildPhases = (
				A1EEE2ED260627A80013837D /* Sources */,
				A1EEE2EE260627A80013837D /* Frameworks */,
				A1EEE2EF260627A80013837D /* Resources */,
			);
			buildRules = (
			);
			dependencies = (
			);
			name = TP2_Groupe_3;
			productName = TP2_Groupe_3;
			productReference = A1EEE2F1260627A80013837D /* TP2_Groupe_3.app */;
			productType = "com.apple.product-type.application";
		};
		A1EEE306260627A80013837D /* TP2_Groupe_3Tests */ = {
			isa = PBXNativeTarget;
			buildConfigurationList = A1EEE31E260627A80013837D /* Build configuration list for PBXNativeTarget "TP2_Groupe_3Tests" */;
			buildPhases = (
				A1EEE303260627A80013837D /* Sources */,
				A1EEE304260627A80013837D /* Frameworks */,
				A1EEE305260627A80013837D /* Resources */,
			);
			buildRules = (
			);
			dependencies = (
				A1EEE309260627A80013837D /* PBXTargetDependency */,
			);
			name = TP2_Groupe_3Tests;
			productName = TP2_Groupe_3Tests;
			productReference = A1EEE307260627A80013837D /* TP2_Groupe_3Tests.xctest */;
			productType = "com.apple.product-type.bundle.unit-test";
		};
		A1EEE311260627A80013837D /* TP2_Groupe_3UITests */ = {
			isa = PBXNativeTarget;
			buildConfigurationList = A1EEE321260627A80013837D /* Build configuration list for PBXNativeTarget "TP2_Groupe_3UITests" */;
			buildPhases = (
				A1EEE30E260627A80013837D /* Sources */,
				A1EEE30F260627A80013837D /* Frameworks */,
				A1EEE310260627A80013837D /* Resources */,
			);
			buildRules = (
			);
			dependencies = (
				A1EEE314260627A80013837D /* PBXTargetDependency */,
			);
			name = TP2_Groupe_3UITests;
			productName = TP2_Groupe_3UITests;
			productReference = A1EEE312260627A80013837D /* TP2_Groupe_3UITests.xctest */;
			productType = "com.apple.product-type.bundle.ui-testing";
		};
/* End PBXNativeTarget section */

/* Begin PBXProject section */
		A1EEE2E9260627A70013837D /* Project object */ = {
			isa = PBXProject;
			attributes = {
				LastSwiftUpdateCheck = 1240;
				LastUpgradeCheck = 1240;
				TargetAttributes = {
					A1EEE2F0260627A80013837D = {
						CreatedOnToolsVersion = 12.4;
					};
					A1EEE306260627A80013837D = {
						CreatedOnToolsVersion = 12.4;
						TestTargetID = A1EEE2F0260627A80013837D;
					};
					A1EEE311260627A80013837D = {
						CreatedOnToolsVersion = 12.4;
						TestTargetID = A1EEE2F0260627A80013837D;
					};
				};
			};
			buildConfigurationList = A1EEE2EC260627A70013837D /* Build configuration list for PBXProject "TP2_Groupe_3" */;
			compatibilityVersion = "Xcode 9.3";
			developmentRegion = en;
			hasScannedForEncodings = 0;
			knownRegions = (
				en,
				Base,
			);
			mainGroup = A1EEE2E8260627A70013837D;
			productRefGroup = A1EEE2F2260627A80013837D /* Products */;
			projectDirPath = "";
			projectRoot = "";
			targets = (
				A1EEE2F0260627A80013837D /* TP2_Groupe_3 */,
				A1EEE306260627A80013837D /* TP2_Groupe_3Tests */,
				A1EEE311260627A80013837D /* TP2_Groupe_3UITests */,
			);
		};
/* End PBXProject section */

/* Begin PBXResourcesBuildPhase section */
		A1EEE2EF260627A80013837D /* Resources */ = {
			isa = PBXResourcesBuildPhase;
			buildActionMask = 2147483647;
			files = (
				A1EEE301260627A80013837D /* LaunchScreen.storyboard in Resources */,
				A1EEE2FE260627A80013837D /* Assets.xcassets in Resources */,
				A1EEE2FC260627A80013837D /* Main.storyboard in Resources */,
			);
			runOnlyForDeploymentPostprocessing = 0;
		};
		A1EEE305260627A80013837D /* Resources */ = {
			isa = PBXResourcesBuildPhase;
			buildActionMask = 2147483647;
			files = (
			);
			runOnlyForDeploymentPostprocessing = 0;
		};
		A1EEE310260627A80013837D /* Resources */ = {
			isa = PBXResourcesBuildPhase;
			buildActionMask = 2147483647;
			files = (
			);
			runOnlyForDeploymentPostprocessing = 0;
		};
/* End PBXResourcesBuildPhase section */

/* Begin PBXSourcesBuildPhase section */
		A1EEE2ED260627A80013837D /* Sources */ = {
			isa = PBXSourcesBuildPhase;
			buildActionMask = 2147483647;
			files = (
				A1EEE32B26062BF60013837D /* CountriesTableViewController.swift in Sources */,
				A1EEE2F9260627A80013837D /* ViewController.swift in Sources */,
				A1EEE2F5260627A80013837D /* AppDelegate.swift in Sources */,
				A1EEE33126062FE00013837D /* Country.swift in Sources */,
				A1EEE3372606300F0013837D /* Countries.swift in Sources */,
				A1EEE2F7260627A80013837D /* SceneDelegate.swift in Sources */,
			);
			runOnlyForDeploymentPostprocessing = 0;
		};
		A1EEE303260627A80013837D /* Sources */ = {
			isa = PBXSourcesBuildPhase;
			buildActionMask = 2147483647;
			files = (
				A1EEE30C260627A80013837D /* TP2_Groupe_3Tests.swift in Sources */,
			);
			runOnlyForDeploymentPostprocessing = 0;
		};
		A1EEE30E260627A80013837D /* Sources */ = {
			isa = PBXSourcesBuildPhase;
			buildActionMask = 2147483647;
			files = (
				A1EEE317260627A80013837D /* TP2_Groupe_3UITests.swift in Sources */,
			);
			runOnlyForDeploymentPostprocessing = 0;
		};
/* End PBXSourcesBuildPhase section */

/* Begin PBXTargetDependency section */
		A1EEE309260627A80013837D /* PBXTargetDependency */ = {
			isa = PBXTargetDependency;
			target = A1EEE2F0260627A80013837D /* TP2_Groupe_3 */;
			targetProxy = A1EEE308260627A80013837D /* PBXContainerItemProxy */;
		};
		A1EEE314260627A80013837D /* PBXTargetDependency */ = {
			isa = PBXTargetDependency;
			target = A1EEE2F0260627A80013837D /* TP2_Groupe_3 */;
			targetProxy = A1EEE313260627A80013837D /* PBXContainerItemProxy */;
		};
/* End PBXTargetDependency section */

/* Begin PBXVariantGroup section */
		A1EEE2FA260627A80013837D /* Main.storyboard */ = {
			isa = PBXVariantGroup;
			children = (
				A1EEE2FB260627A80013837D /* Base */,
			);
			name = Main.storyboard;
			sourceTree = "<group>";
		};
		A1EEE2FF260627A80013837D /* LaunchScreen.storyboard */ = {
			isa = PBXVariantGroup;
			children = (
				A1EEE300260627A80013837D /* Base */,
			);
			name = LaunchScreen.storyboard;
			sourceTree = "<group>";
		};
/* End PBXVariantGroup section */

/* Begin XCBuildConfiguration section */
		A1EEE319260627A80013837D /* Debug */ = {
			isa = XCBuildConfiguration;
			buildSettings = {
				ALWAYS_SEARCH_USER_PATHS = NO;
				CLANG_ANALYZER_NONNULL = YES;
				CLANG_ANALYZER_NUMBER_OBJECT_CONVERSION = YES_AGGRESSIVE;
				CLANG_CXX_LANGUAGE_STANDARD = "gnu++14";
				CLANG_CXX_LIBRARY = "libc++";
				CLANG_ENABLE_MODULES = YES;
				CLANG_ENABLE_OBJC_ARC = YES;
				CLANG_ENABLE_OBJC_WEAK = YES;
				CLANG_WARN_BLOCK_CAPTURE_AUTORELEASING = YES;
				CLANG_WARN_BOOL_CONVERSION = YES;
				CLANG_WARN_COMMA = YES;
				CLANG_WARN_CONSTANT_CONVERSION = YES;
				CLANG_WARN_DEPRECATED_OBJC_IMPLEMENTATIONS = YES;
				CLANG_WARN_DIRECT_OBJC_ISA_USAGE = YES_ERROR;
				CLANG_WARN_DOCUMENTATION_COMMENTS = YES;
				CLANG_WARN_EMPTY_BODY = YES;
				CLANG_WARN_ENUM_CONVERSION = YES;
				CLANG_WARN_INFINITE_RECURSION = YES;
				CLANG_WARN_INT_CONVERSION = YES;
				CLANG_WARN_NON_LITERAL_NULL_CONVERSION = YES;
				CLANG_WARN_OBJC_IMPLICIT_RETAIN_SELF = YES;
				CLANG_WARN_OBJC_LITERAL_CONVERSION = YES;
				CLANG_WARN_OBJC_ROOT_CLASS = YES_ERROR;
				CLANG_WARN_QUOTED_INCLUDE_IN_FRAMEWORK_HEADER = YES;
				CLANG_WARN_RANGE_LOOP_ANALYSIS = YES;
				CLANG_WARN_STRICT_PROTOTYPES = YES;
				CLANG_WARN_SUSPICIOUS_MOVE = YES;
				CLANG_WARN_UNGUARDED_AVAILABILITY = YES_AGGRESSIVE;
				CLANG_WARN_UNREACHABLE_CODE = YES;
				CLANG_WARN__DUPLICATE_METHOD_MATCH = YES;
				COPY_PHASE_STRIP = NO;
				DEBUG_INFORMATION_FORMAT = dwarf;
				ENABLE_STRICT_OBJC_MSGSEND = YES;
				ENABLE_TESTABILITY = YES;
				GCC_C_LANGUAGE_STANDARD = gnu11;
				GCC_DYNAMIC_NO_PIC = NO;
				GCC_NO_COMMON_BLOCKS = YES;
				GCC_OPTIMIZATION_LEVEL = 0;
				GCC_PREPROCESSOR_DEFINITIONS = (
					"DEBUG=1",
					"$(inherited)",
				);
				GCC_WARN_64_TO_32_BIT_CONVERSION = YES;
				GCC_WARN_ABOUT_RETURN_TYPE = YES_ERROR;
				GCC_WARN_UNDECLARED_SELECTOR = YES;
				GCC_WARN_UNINITIALIZED_AUTOS = YES_AGGRESSIVE;
				GCC_WARN_UNUSED_FUNCTION = YES;
				GCC_WARN_UNUSED_VARIABLE = YES;
				IPHONEOS_DEPLOYMENT_TARGET = 14.4;
				MTL_ENABLE_DEBUG_INFO = INCLUDE_SOURCE;
				MTL_FAST_MATH = YES;
				ONLY_ACTIVE_ARCH = YES;
				SDKROOT = iphoneos;
				SWIFT_ACTIVE_COMPILATION_CONDITIONS = DEBUG;
				SWIFT_OPTIMIZATION_LEVEL = "-Onone";
			};
			name = Debug;
		};
		A1EEE31A260627A80013837D /* Release */ = {
			isa = XCBuildConfiguration;
			buildSettings = {
				ALWAYS_SEARCH_USER_PATHS = NO;
				CLANG_ANALYZER_NONNULL = YES;
				CLANG_ANALYZER_NUMBER_OBJECT_CONVERSION = YES_AGGRESSIVE;
				CLANG_CXX_LANGUAGE_STANDARD = "gnu++14";
				CLANG_CXX_LIBRARY = "libc++";
				CLANG_ENABLE_MODULES = YES;
				CLANG_ENABLE_OBJC_ARC = YES;
				CLANG_ENABLE_OBJC_WEAK = YES;
				CLANG_WARN_BLOCK_CAPTURE_AUTORELEASING = YES;
				CLANG_WARN_BOOL_CONVERSION = YES;
				CLANG_WARN_COMMA = YES;
				CLANG_WARN_CONSTANT_CONVERSION = YES;
				CLANG_WARN_DEPRECATED_OBJC_IMPLEMENTATIONS = YES;
				CLANG_WARN_DIRECT_OBJC_ISA_USAGE = YES_ERROR;
				CLANG_WARN_DOCUMENTATION_COMMENTS = YES;
				CLANG_WARN_EMPTY_BODY = YES;
				CLANG_WARN_ENUM_CONVERSION = YES;
				CLANG_WARN_INFINITE_RECURSION = YES;
				CLANG_WARN_INT_CONVERSION = YES;
				CLANG_WARN_NON_LITERAL_NULL_CONVERSION = YES;
				CLANG_WARN_OBJC_IMPLICIT_RETAIN_SELF = YES;
				CLANG_WARN_OBJC_LITERAL_CONVERSION = YES;
				CLANG_WARN_OBJC_ROOT_CLASS = YES_ERROR;
				CLANG_WARN_QUOTED_INCLUDE_IN_FRAMEWORK_HEADER = YES;
				CLANG_WARN_RANGE_LOOP_ANALYSIS = YES;
				CLANG_WARN_STRICT_PROTOTYPES = YES;
				CLANG_WARN_SUSPICIOUS_MOVE = YES;
				CLANG_WARN_UNGUARDED_AVAILABILITY = YES_AGGRESSIVE;
				CLANG_WARN_UNREACHABLE_CODE = YES;
				CLANG_WARN__DUPLICATE_METHOD_MATCH = YES;
				COPY_PHASE_STRIP = NO;
				DEBUG_INFORMATION_FORMAT = "dwarf-with-dsym";
				ENABLE_NS_ASSERTIONS = NO;
				ENABLE_STRICT_OBJC_MSGSEND = YES;
				GCC_C_LANGUAGE_STANDARD = gnu11;
				GCC_NO_COMMON_BLOCKS = YES;
				GCC_WARN_64_TO_32_BIT_CONVERSION = YES;
				GCC_WARN_ABOUT_RETURN_TYPE = YES_ERROR;
				GCC_WARN_UNDECLARED_SELECTOR = YES;
				GCC_WARN_UNINITIALIZED_AUTOS = YES_AGGRESSIVE;
				GCC_WARN_UNUSED_FUNCTION = YES;
				GCC_WARN_UNUSED_VARIABLE = YES;
				IPHONEOS_DEPLOYMENT_TARGET = 14.4;
				MTL_ENABLE_DEBUG_INFO = NO;
				MTL_FAST_MATH = YES;
				SDKROOT = iphoneos;
				SWIFT_COMPILATION_MODE = wholemodule;
				SWIFT_OPTIMIZATION_LEVEL = "-O";
				VALIDATE_PRODUCT = YES;
			};
			name = Release;
		};
		A1EEE31C260627A80013837D /* Debug */ = {
			isa = XCBuildConfiguration;
			buildSettings = {
				ASSETCATALOG_COMPILER_APPICON_NAME = AppIcon;
				ASSETCATALOG_COMPILER_GLOBAL_ACCENT_COLOR_NAME = AccentColor;
				CODE_SIGN_STYLE = Automatic;
				INFOPLIST_FILE = TP2_Groupe_3/Info.plist;
				LD_RUNPATH_SEARCH_PATHS = (
					"$(inherited)",
					"@executable_path/Frameworks",
				);
				PRODUCT_BUNDLE_IDENTIFIER = "com.mbds.madagascar.TP2-Groupe-3";
				PRODUCT_NAME = "$(TARGET_NAME)";
				SWIFT_VERSION = 5.0;
				TARGETED_DEVICE_FAMILY = 1;
			};
			name = Debug;
		};
		A1EEE31D260627A80013837D /* Release */ = {
			isa = XCBuildConfiguration;
			buildSettings = {
				ASSETCATALOG_COMPILER_APPICON_NAME = AppIcon;
				ASSETCATALOG_COMPILER_GLOBAL_ACCENT_COLOR_NAME = AccentColor;
				CODE_SIGN_STYLE = Automatic;
				INFOPLIST_FILE = TP2_Groupe_3/Info.plist;
				LD_RUNPATH_SEARCH_PATHS = (
					"$(inherited)",
					"@executable_path/Frameworks",
				);
				PRODUCT_BUNDLE_IDENTIFIER = "com.mbds.madagascar.TP2-Groupe-3";
				PRODUCT_NAME = "$(TARGET_NAME)";
				SWIFT_VERSION = 5.0;
				TARGETED_DEVICE_FAMILY = 1;
			};
			name = Release;
		};
		A1EEE31F260627A80013837D /* Debug */ = {
			isa = XCBuildConfiguration;
			buildSettings = {
				ALWAYS_EMBED_SWIFT_STANDARD_LIBRARIES = YES;
				BUNDLE_LOADER = "$(TEST_HOST)";
				CODE_SIGN_STYLE = Automatic;
				INFOPLIST_FILE = TP2_Groupe_3Tests/Info.plist;
				IPHONEOS_DEPLOYMENT_TARGET = 14.4;
				LD_RUNPATH_SEARCH_PATHS = (
					"$(inherited)",
					"@executable_path/Frameworks",
					"@loader_path/Frameworks",
				);
				PRODUCT_BUNDLE_IDENTIFIER = "com.mbds.madagascar.TP2-Groupe-3Tests";
				PRODUCT_NAME = "$(TARGET_NAME)";
				SWIFT_VERSION = 5.0;
				TARGETED_DEVICE_FAMILY = "1,2";
				TEST_HOST = "$(BUILT_PRODUCTS_DIR)/TP2_Groupe_3.app/TP2_Groupe_3";
			};
			name = Debug;
		};
		A1EEE320260627A80013837D /* Release */ = {
			isa = XCBuildConfiguration;
			buildSettings = {
				ALWAYS_EMBED_SWIFT_STANDARD_LIBRARIES = YES;
				BUNDLE_LOADER = "$(TEST_HOST)";
				CODE_SIGN_STYLE = Automatic;
				INFOPLIST_FILE = TP2_Groupe_3Tests/Info.plist;
				IPHONEOS_DEPLOYMENT_TARGET = 14.4;
				LD_RUNPATH_SEARCH_PATHS = (
					"$(inherited)",
					"@executable_path/Frameworks",
					"@loader_path/Frameworks",
				);
				PRODUCT_BUNDLE_IDENTIFIER = "com.mbds.madagascar.TP2-Groupe-3Tests";
				PRODUCT_NAME = "$(TARGET_NAME)";
				SWIFT_VERSION = 5.0;
				TARGETED_DEVICE_FAMILY = "1,2";
				TEST_HOST = "$(BUILT_PRODUCTS_DIR)/TP2_Groupe_3.app/TP2_Groupe_3";
			};
			name = Release;
		};
		A1EEE322260627A80013837D /* Debug */ = {
			isa = XCBuildConfiguration;
			buildSettings = {
				ALWAYS_EMBED_SWIFT_STANDARD_LIBRARIES = YES;
				CODE_SIGN_STYLE = Automatic;
				INFOPLIST_FILE = TP2_Groupe_3UITests/Info.plist;
				LD_RUNPATH_SEARCH_PATHS = (
					"$(inherited)",
					"@executable_path/Frameworks",
					"@loader_path/Frameworks",
				);
				PRODUCT_BUNDLE_IDENTIFIER = "com.mbds.madagascar.TP2-Groupe-3UITests";
				PRODUCT_NAME = "$(TARGET_NAME)";
				SWIFT_VERSION = 5.0;
				TARGETED_DEVICE_FAMILY = "1,2";
				TEST_TARGET_NAME = TP2_Groupe_3;
			};
			name = Debug;
		};
		A1EEE323260627A80013837D /* Release */ = {
			isa = XCBuildConfiguration;
			buildSettings = {
				ALWAYS_EMBED_SWIFT_STANDARD_LIBRARIES = YES;
				CODE_SIGN_STYLE = Automatic;
				INFOPLIST_FILE = TP2_Groupe_3UITests/Info.plist;
				LD_RUNPATH_SEARCH_PATHS = (
					"$(inherited)",
					"@executable_path/Frameworks",
					"@loader_path/Frameworks",
				);
				PRODUCT_BUNDLE_IDENTIFIER = "com.mbds.madagascar.TP2-Groupe-3UITests";
				PRODUCT_NAME = "$(TARGET_NAME)";
				SWIFT_VERSION = 5.0;
				TARGETED_DEVICE_FAMILY = "1,2";
				TEST_TARGET_NAME = TP2_Groupe_3;
			};
			name = Release;
		};
/* End XCBuildConfiguration section */

/* Begin XCConfigurationList section */
		A1EEE2EC260627A70013837D /* Build configuration list for PBXProject "TP2_Groupe_3" */ = {
			isa = XCConfigurationList;
			buildConfigurations = (
				A1EEE319260627A80013837D /* Debug */,
				A1EEE31A260627A80013837D /* Release */,
			);
			defaultConfigurationIsVisible = 0;
			defaultConfigurationName = Release;
		};
		A1EEE31B260627A80013837D /* Build configuration list for PBXNativeTarget "TP2_Groupe_3" */ = {
			isa = XCConfigurationList;
			buildConfigurations = (
				A1EEE31C260627A80013837D /* Debug */,
				A1EEE31D260627A80013837D /* Release */,
			);
			defaultConfigurationIsVisible = 0;
			defaultConfigurationName = Release;
		};
		A1EEE31E260627A80013837D /* Build configuration list for PBXNativeTarget "TP2_Groupe_3Tests" */ = {
			isa = XCConfigurationList;
			buildConfigurations = (
				A1EEE31F260627A80013837D /* Debug */,
				A1EEE320260627A80013837D /* Release */,
			);
			defaultConfigurationIsVisible = 0;
			defaultConfigurationName = Release;
		};
		A1EEE321260627A80013837D /* Build configuration list for PBXNativeTarget "TP2_Groupe_3UITests" */ = {
			isa = XCConfigurationList;
			buildConfigurations = (
				A1EEE322260627A80013837D /* Debug */,
				A1EEE323260627A80013837D /* Release */,
			);
			defaultConfigurationIsVisible = 0;
			defaultConfigurationName = Release;
		};
/* End XCConfigurationList section */
	};
	rootObject = A1EEE2E9260627A70013837D /* Project object */;
}
